
Microsoft Visual Studio Solution File, Format Version 12.00
# Visual Studio Version 17
VisualStudioVersion = 17.10.35004.147
MinimumVisualStudioVersion = 10.0.40219.1
Project("{FAE04EC0-301F-11D3-BF4B-00C04F79EFBC}") = "pr-23.106_tiagnirenko_3", "pr-23.106_tiagnirenko_3\pr-23.106_tiagnirenko_3.csproj", "{52E41043-7C26-414D-A3A5-946F5D9E7AE5}"
EndProject
Global
	GlobalSection(SolutionConfigurationPlatforms) = preSolution
		Debug|Any CPU = Debug|Any CPU
		Release|Any CPU = Release|Any CPU
	EndGlobalSection
	GlobalSection(ProjectConfigurationPlatforms) = postSolution
		{52E41043-7C26-414D-A3A5-946F5D9E7AE5}.Debug|Any CPU.ActiveCfg = Debug|Any CPU
		{52E41043-7C26-414D-A3A5-946F5D9E7AE5}.Debug|Any CPU.Build.0 = Debug|Any CPU
		{52E41043-7C26-414D-A3A5-946F5D9E7AE5}.Release|Any CPU.ActiveCfg = Release|Any CPU
		{52E41043-7C26-414D-A3A5-946F5D9E7AE5}.Release|Any CPU.Build.0 = Release|Any CPU
	EndGlobalSection
	GlobalSection(SolutionProperties) = preSolution
		HideSolutionNode = FALSE
	EndGlobalSection
	GlobalSection(ExtensibilityGlobals) = postSolution
		SolutionGuid = {86B2A330-5A9F-4016-AEA5-7D1F6CF89BD9}
	EndGlobalSection
EndGlobal
